{
  "name": "hadenajs",
  "version": "1.0.5",
  "lockfileVersion": 1,
  "requires": true,
  "dependencies": {
    "@nickgraffis/array.equals": {
      "version": "1.0.1",
      "resolved": "https://registry.npmjs.org/@nickgraffis/array.equals/-/array.equals-1.0.1.tgz",
      "integrity": "sha512-W7Vkt5cXt2Kei99LMO5su7Qc80Xy26xjEfIbPHJcCDC/FIRPlBRtTiFLMlUC5uJe396wiNZ+p+8aCAiIvgoiOA=="
    },
    "@nickgraffis/kmeans": {
      "version": "1.0.1",
      "resolved": "https://registry.npmjs.org/@nickgraffis/kmeans/-/kmeans-1.0.1.tgz",
      "integrity": "sha512-XHerJccsLjSHYQB91WRjLiLPvDqsi8dn2R0Jnuz/EU0S+PXWq+QHX3n7HRKGkFfdSAufoiQrXUaoGPbQCYX0OA==",
      "requires": {
        "@nickgraffis/array.equals": "^1.0.1",
        "matematik": "^1.0.1"
      }
    },
    "matematik": {
      "version": "1.0.2",
      "resolved": "https://registry.npmjs.org/matematik/-/matematik-1.0.2.tgz",
      "integrity": "sha512-r9vVRzYj5bQgoCNj6b2AOu46D/dEIn377p7BvAqo7McOy+6uEg053L2kmuqOBRlsqK+YAvrIGT6pTlN4wprqvA==",
      "requires": {
        "@nickgraffis/array.equals": "^1.0.0"
      }
    }
  }
}
