{
  "name": "hadenajs",
  "version": "1.6.0",
  "lockfileVersion": 1,
  "requires": true,
  "dependencies": {
    "@nickgraffis/kmeans": {
      "version": "1.0.5",
      "resolved": "https://registry.npmjs.org/@nickgraffis/kmeans/-/kmeans-1.0.5.tgz",
      "integrity": "sha512-Be67zAJWtEvgGY43RTUlAYlsE0F6PR+ihAtqKFVZACk60kSjCWlAYVSZslzHk4j1elsELVBpLeZr0LOYEKHAUw==",
      "requires": {
        "matematik": "^1.2.0"
      }
    },
    "matematik": {
      "version": "1.2.0",
      "resolved": "https://registry.npmjs.org/matematik/-/matematik-1.2.0.tgz",
      "integrity": "sha512-Dgr7pOQf5m9F3MJrzWfW9w6xocRsH0uefTr7sbcXdXLI1qaswUDYGykb/gJPmLtHSSaSxky3qBhqIBEXDFRuTQ=="
    }
  }
}
